
Microsoft Visual Studio Solution File, Format Version 12.00
# Visual Studio Version 16
VisualStudioVersion = 16.0.30517.126
MinimumVisualStudioVersion = 10.0.40219.1
Project("{FAE04EC0-301F-11D3-BF4B-00C04F79EFBC}") = "Functions", "Functions\Functions.csproj", "{787167F1-B114-40F3-8C25-9B4F89A53248}"
EndProject
Project("{FAE04EC0-301F-11D3-BF4B-00C04F79EFBC}") = "Calculator", "Calculator\Calculator.csproj", "{81BF5749-C47F-4EB6-B238-547CC1767299}"
EndProject
Global
	GlobalSection(SolutionConfigurationPlatforms) = preSolution
		Debug|Any CPU = Debug|Any CPU
		Release|Any CPU = Release|Any CPU
	EndGlobalSection
	GlobalSection(ProjectConfigurationPlatforms) = postSolution
		{787167F1-B114-40F3-8C25-9B4F89A53248}.Debug|Any CPU.ActiveCfg = Debug|Any CPU
		{787167F1-B114-40F3-8C25-9B4F89A53248}.Debug|Any CPU.Build.0 = Debug|Any CPU
		{787167F1-B114-40F3-8C25-9B4F89A53248}.Release|Any CPU.ActiveCfg = Release|Any CPU
		{787167F1-B114-40F3-8C25-9B4F89A53248}.Release|Any CPU.Build.0 = Release|Any CPU
		{81BF5749-C47F-4EB6-B238-547CC1767299}.Debug|Any CPU.ActiveCfg = Debug|Any CPU
		{81BF5749-C47F-4EB6-B238-547CC1767299}.Debug|Any CPU.Build.0 = Debug|Any CPU
		{81BF5749-C47F-4EB6-B238-547CC1767299}.Release|Any CPU.ActiveCfg = Release|Any CPU
		{81BF5749-C47F-4EB6-B238-547CC1767299}.Release|Any CPU.Build.0 = Release|Any CPU
	EndGlobalSection
	GlobalSection(SolutionProperties) = preSolution
		HideSolutionNode = FALSE
	EndGlobalSection
	GlobalSection(ExtensibilityGlobals) = postSolution
		SolutionGuid = {C3EBF83C-56BE-40E2-99C6-6CD5A8C7CB2C}
	EndGlobalSection
EndGlobal
